
Microsoft Visual Studio Solution File, Format Version 12.00
# Visual Studio Version 17
VisualStudioVersion = 17.9.34321.82
MinimumVisualStudioVersion = 10.0.40219.1
Project("{8BC9CEB8-8B4A-11D0-8D11-00A0C91BC942}") = "forelock", "forelock\forelock.vcxproj", "{6B429B36-CD11-4701-A581-1E613769D1C9}"
EndProject
Project("{2150E333-8FDC-42A3-9474-1A3956D46DE8}") = "Solution Items", "Solution Items", "{FA678C67-2301-4358-A3F9-0BF0E439B011}"
	ProjectSection(SolutionItems) = preProject
		README.md = README.md
	EndProjectSection
EndProject
Global
	GlobalSection(SolutionConfigurationPlatforms) = preSolution
		Debug|Win32 = Debug|Win32
		Release|Win32 = Release|Win32
	EndGlobalSection
	GlobalSection(ProjectConfigurationPlatforms) = postSolution
		{6B429B36-CD11-4701-A581-1E613769D1C9}.Debug|Win32.ActiveCfg = Debug|Win32
		{6B429B36-CD11-4701-A581-1E613769D1C9}.Debug|Win32.Build.0 = Debug|Win32
		{6B429B36-CD11-4701-A581-1E613769D1C9}.Release|Win32.ActiveCfg = Release|Win32
		{6B429B36-CD11-4701-A581-1E613769D1C9}.Release|Win32.Build.0 = Release|Win32
	EndGlobalSection
	GlobalSection(SolutionProperties) = preSolution
		HideSolutionNode = FALSE
	EndGlobalSection
	GlobalSection(ExtensibilityGlobals) = postSolution
		SolutionGuid = {2E138D96-1BE1-491E-9E0A-77ACCC141D9E}
	EndGlobalSection
EndGlobal
